# This file is @generated by PDM.
# It is not intended for manual editing.

[metadata]
groups = ["default", "lint", "typecheck"]
strategy = ["inherit_metadata"]
lock_version = "4.5.0"
content_hash = "sha256:8c40b6af197c94b7d3f78895244e87c379f50606d43959264df4a30626ba7276"

[[metadata.targets]]
requires_python = "==3.13.*"

[[package]]
name = "affinegap"
version = "1.12"
summary = "A Cython implementation of the affine gap string distance"
groups = ["default"]
files = [
    {file = "affinegap-1.12.tar.gz", hash = "sha256:02faa7579df8d98beafd40bb924b7a3a9d4e42edf6938e297366903054e4ef61"},
]

[[package]]
name = "btrees"
version = "6.1"
requires_python = ">=3.8"
summary = "Scalable persistent object containers"
groups = ["default"]
dependencies = [
    "persistent>=4.1.0",
    "zope-interface>=5.0.0",
]
files = [
    {file = "BTrees-6.1-cp313-cp313-macosx_10_9_x86_64.whl", hash = "sha256:6a7acd17e2934536012445ba33e2805f71e65b9bc9a8683013626fb3fc6824a9"},
    {file = "BTrees-6.1-cp313-cp313-macosx_11_0_arm64.whl", hash = "sha256:58383635a06532ab6ee66bd1ba20e56af627e7a91665f1d98a8d550890e608d7"},
    {file = "BTrees-6.1-cp313-cp313-manylinux_2_17_aarch64.manylinux2014_aarch64.whl", hash = "sha256:398b9bc27d563197fc2966e237742019f7abc3d622a98c710155ca2bac421e3e"},
    {file = "BTrees-6.1-cp313-cp313-manylinux_2_17_x86_64.manylinux2014_x86_64.whl", hash = "sha256:b8f2936e75321e7ce652b0092aaf41f88cc98bf3b70d2dcca2ef8e38bf5b2e44"},
    {file = "BTrees-6.1-cp313-cp313-manylinux_2_5_i686.manylinux1_i686.manylinux_2_17_i686.manylinux2014_i686.whl", hash = "sha256:13ae3f198ad09f62b8fe575d7e63de19c8eabe11568f73f033a48f095debfe6c"},
    {file = "BTrees-6.1-cp313-cp313-win_amd64.whl", hash = "sha256:71448fa70a6e1cdb21a653043fb23df96e8b24c2c1ff93cc1dac818412f1aecc"},
    {file = "btrees-6.1.tar.gz", hash = "sha256:e18746f8641869a20f45328c9b5f97dc6c71a1195960356aef63b75f5c8d445f"},
]

[[package]]
name = "categorical-distance"
version = "1.9"
summary = "Compare two categorical variables"
groups = ["default"]
dependencies = [
    "numpy",
]
files = [
    {file = "categorical-distance-1.9.tar.gz", hash = "sha256:ae5eaf72048cb4253f6b851f0594a001643574dffc014d03445f9c7c30543a3e"},
    {file = "categorical_distance-1.9-py3-none-any.whl", hash = "sha256:802de09418307fae8bc91eddb3db791825ce3846f3135a2bdd508adf5df66c44"},
]

[[package]]
name = "cffi"
version = "1.17.1"
requires_python = ">=3.8"
summary = "Foreign Function Interface for Python calling C code."
groups = ["default"]
marker = "platform_python_implementation == \"CPython\""
dependencies = [
    "pycparser",
]
files = [
    {file = "cffi-1.17.1-cp313-cp313-macosx_10_13_x86_64.whl", hash = "sha256:f3a2b4222ce6b60e2e8b337bb9596923045681d71e5a082783484d845390938e"},
    {file = "cffi-1.17.1-cp313-cp313-macosx_11_0_arm64.whl", hash = "sha256:0984a4925a435b1da406122d4d7968dd861c1385afe3b45ba82b750f229811e2"},
    {file = "cffi-1.17.1-cp313-cp313-manylinux_2_12_i686.manylinux2010_i686.manylinux_2_17_i686.manylinux2014_i686.whl", hash = "sha256:d01b12eeeb4427d3110de311e1774046ad344f5b1a7403101878976ecd7a10f3"},
    {file = "cffi-1.17.1-cp313-cp313-manylinux_2_17_aarch64.manylinux2014_aarch64.whl", hash = "sha256:706510fe141c86a69c8ddc029c7910003a17353970cff3b904ff0686a5927683"},
    {file = "cffi-1.17.1-cp313-cp313-manylinux_2_17_ppc64le.manylinux2014_ppc64le.whl", hash = "sha256:de55b766c7aa2e2a3092c51e0483d700341182f08e67c63630d5b6f200bb28e5"},
    {file = "cffi-1.17.1-cp313-cp313-manylinux_2_17_s390x.manylinux2014_s390x.whl", hash = "sha256:c59d6e989d07460165cc5ad3c61f9fd8f1b4796eacbd81cee78957842b834af4"},
    {file = "cffi-1.17.1-cp313-cp313-manylinux_2_17_x86_64.manylinux2014_x86_64.whl", hash = "sha256:dd398dbc6773384a17fe0d3e7eeb8d1a21c2200473ee6806bb5e6a8e62bb73dd"},
    {file = "cffi-1.17.1-cp313-cp313-musllinux_1_1_aarch64.whl", hash = "sha256:3edc8d958eb099c634dace3c7e16560ae474aa3803a5df240542b305d14e14ed"},
    {file = "cffi-1.17.1-cp313-cp313-musllinux_1_1_x86_64.whl", hash = "sha256:72e72408cad3d5419375fc87d289076ee319835bdfa2caad331e377589aebba9"},
    {file = "cffi-1.17.1-cp313-cp313-win32.whl", hash = "sha256:e03eab0a8677fa80d646b5ddece1cbeaf556c313dcfac435ba11f107ba117b5d"},
    {file = "cffi-1.17.1-cp313-cp313-win_amd64.whl", hash = "sha256:f6a16c31041f09ead72d69f583767292f750d24913dadacf5756b966aacb3f1a"},
    {file = "cffi-1.17.1.tar.gz", hash = "sha256:1c39c6016c32bc48dd54561950ebd6836e1670f2ae46128f67cf49e789c52824"},
]

[[package]]
name = "chardet"
version = "5.2.0"
requires_python = ">=3.7"
summary = "Universal encoding detector for Python 3"
groups = ["default"]
files = [
    {file = "chardet-5.2.0-py3-none-any.whl", hash = "sha256:e1cf59446890a00105fe7b7912492ea04b6e6f06d4b742b2c788469e34c82970"},
    {file = "chardet-5.2.0.tar.gz", hash = "sha256:1b3b6ff479a8c414bc3fa2c0852995695c4a026dcd6d0633b2dd092ca39c1cf7"},
]

[[package]]
name = "colorama"
version = "0.4.6"
requires_python = "!=3.0.*,!=3.1.*,!=3.2.*,!=3.3.*,!=3.4.*,!=3.5.*,!=3.6.*,>=2.7"
summary = "Cross-platform colored terminal text."
groups = ["default"]
files = [
    {file = "colorama-0.4.6-py2.py3-none-any.whl", hash = "sha256:4f1d9991f5acc0ca119f9d443620b77f9d6b33703e51011c16baf57afb285fc6"},
    {file = "colorama-0.4.6.tar.gz", hash = "sha256:08695f5cb7ed6e0531a20572697297273c47b8cae5a63ffc6d6ed5c201be6e44"},
]

[[package]]
name = "dedupe"
version = "3.0.3"
requires_python = ">=3.8"
summary = "A python library for accurate and scaleable data deduplication and entity-resolution"
groups = ["default"]
dependencies = [
    "BTrees>=4.1.4",
    "affinegap>=1.3",
    "categorical-distance>=1.9",
    "dedupe-Levenshtein-search",
    "doublemetaphone",
    "haversine>=0.4.1",
    "highered>=0.2.0",
    "numpy>=1.20",
    "scikit-learn",
    "simplecosine>=1.2",
    "zope-index",
]
files = [
    {file = "dedupe-3.0.3-cp313-cp313-macosx_10_13_universal2.whl", hash = "sha256:ff39302909810aee23766b7acb1c682df9ca1d8e3853f44b6398b89599231cff"},
    {file = "dedupe-3.0.3-cp313-cp313-macosx_10_13_x86_64.whl", hash = "sha256:9d9354bdfa9fbd18f4e439d7c4526a37f054520c992e44cc6a483fb4c5b02e99"},
    {file = "dedupe-3.0.3-cp313-cp313-macosx_11_0_arm64.whl", hash = "sha256:ae8beea269ec1b59aca221221ae029009687cf639998a0b225dbb6669a31f400"},
    {file = "dedupe-3.0.3-cp313-cp313-manylinux_2_5_i686.manylinux1_i686.manylinux_2_17_i686.manylinux2014_i686.whl", hash = "sha256:a9fb2998f591381e6ab5588af1df120a41802adc09609b497c75381518065edb"},
    {file = "dedupe-3.0.3-cp313-cp313-manylinux_2_5_x86_64.manylinux1_x86_64.manylinux_2_17_x86_64.manylinux2014_x86_64.whl", hash = "sha256:f1881726102b4e683e69780399615bbf954d4196a7d4090eb733d0752ff1f060"},
    {file = "dedupe-3.0.3-cp313-cp313-musllinux_1_2_i686.whl", hash = "sha256:a9903da263ea6e94e256fc12f48fb8db4d241449649a488f03d85cc79cec23fe"},
    {file = "dedupe-3.0.3-cp313-cp313-musllinux_1_2_x86_64.whl", hash = "sha256:747c717df2d85329c622719b0e6b1a1ed9cb5ce7e3707529bde3f92739a0f806"},
    {file = "dedupe-3.0.3-cp313-cp313-win32.whl", hash = "sha256:a9c122b766e0e4dde7eef5f1205e560550dfad8556c0162b2b0492d476eaf520"},
    {file = "dedupe-3.0.3-cp313-cp313-win_amd64.whl", hash = "sha256:428c17c387c494dae7691fa37b1db912b6aa8d8c306bf11e7b7633f2b755c479"},
    {file = "dedupe-3.0.3.tar.gz", hash = "sha256:d2ac91e14a2b873481da9917ee1b154f53d760326e1a47bce9bcb044eb884314"},
]

[[package]]
name = "dedupe-levenshtein-search"
version = "1.4.5"
summary = "Search through documents for approximately matching strings. A fork of Matt Anderson's library for MIT licensing"
groups = ["default"]
files = [
    {file = "dedupe_Levenshtein_search-1.4.5.tar.gz", hash = "sha256:11f9cf17bade458d04f8a62470050920545c1614a792d786c7ca462a4ff5224a"},
]

[[package]]
name = "doublemetaphone"
version = "1.1"
summary = "Python wrapper for C++ Double Metaphone"
groups = ["default"]
files = [
    {file = "DoubleMetaphone-1.1.tar.gz", hash = "sha256:cd185dbc18347accb5a27c1289a6bdc989a479294a74f41c42a6cb0b414e5379"},
]

[[package]]
name = "haversine"
version = "2.9.0"
requires_python = ">=3.5"
summary = "Calculate the distance between 2 points on Earth."
groups = ["default"]
files = [
    {file = "haversine-2.9.0-py2.py3-none-any.whl", hash = "sha256:d32031b6b4232e37764730a781a3b8cb248710f92aca6f553b8097524420754d"},
    {file = "haversine-2.9.0.tar.gz", hash = "sha256:1103d7e1f0f108c25b31b63452c54d9d6f29389a70de7dd75fd4b908329b6fcf"},
]

[[package]]
name = "highered"
version = "0.2.1"
summary = "Learnable Edit Distance Using PyHacrf"
groups = ["default"]
dependencies = [
    "numpy",
    "pyhacrf-datamade>=0.2.0",
]
files = [
    {file = "highered-0.2.1-py2.py3-none-any.whl", hash = "sha256:e09dd53feba1538fb6c7c8ff9385321cbc78dcf2f8ab1dc04387064293a9fe32"},
    {file = "highered-0.2.1.tar.gz", hash = "sha256:5fcae90599dda98560d6f5347ff88aee56a4b8e7181d009852c3dc699c336fb7"},
]

[[package]]
name = "joblib"
version = "1.4.2"
requires_python = ">=3.8"
summary = "Lightweight pipelining with Python functions"
groups = ["default"]
files = [
    {file = "joblib-1.4.2-py3-none-any.whl", hash = "sha256:06d478d5674cbc267e7496a410ee875abd68e4340feff4490bcb7afb88060ae6"},
    {file = "joblib-1.4.2.tar.gz", hash = "sha256:2382c5816b2636fbd20a09e0f4e9dad4736765fdfb7dca582943b9c1366b3f0e"},
]

[[package]]
name = "nodeenv"
version = "1.9.1"
requires_python = "!=3.0.*,!=3.1.*,!=3.2.*,!=3.3.*,!=3.4.*,!=3.5.*,!=3.6.*,>=2.7"
summary = "Node.js virtual environment builder"
groups = ["typecheck"]
files = [
    {file = "nodeenv-1.9.1-py2.py3-none-any.whl", hash = "sha256:ba11c9782d29c27c70ffbdda2d7415098754709be8a7056d79a737cd901155c9"},
    {file = "nodeenv-1.9.1.tar.gz", hash = "sha256:6ec12890a2dab7946721edbfbcd91f3319c6ccc9aec47be7c7e6b7011ee6645f"},
]

[[package]]
name = "numpy"
version = "2.2.2"
requires_python = ">=3.10"
summary = "Fundamental package for array computing in Python"
groups = ["default"]
files = [
    {file = "numpy-2.2.2-cp313-cp313-macosx_10_13_x86_64.whl", hash = "sha256:b208cfd4f5fe34e1535c08983a1a6803fdbc7a1e86cf13dd0c61de0b51a0aadc"},
    {file = "numpy-2.2.2-cp313-cp313-macosx_11_0_arm64.whl", hash = "sha256:d0bbe7dd86dca64854f4b6ce2ea5c60b51e36dfd597300057cf473d3615f2369"},
    {file = "numpy-2.2.2-cp313-cp313-macosx_14_0_arm64.whl", hash = "sha256:22ea3bb552ade325530e72a0c557cdf2dea8914d3a5e1fecf58fa5dbcc6f43cd"},
    {file = "numpy-2.2.2-cp313-cp313-macosx_14_0_x86_64.whl", hash = "sha256:128c41c085cab8a85dc29e66ed88c05613dccf6bc28b3866cd16050a2f5448be"},
    {file = "numpy-2.2.2-cp313-cp313-manylinux_2_17_aarch64.manylinux2014_aarch64.whl", hash = "sha256:250c16b277e3b809ac20d1f590716597481061b514223c7badb7a0f9993c7f84"},
    {file = "numpy-2.2.2-cp313-cp313-manylinux_2_17_x86_64.manylinux2014_x86_64.whl", hash = "sha256:e0c8854b09bc4de7b041148d8550d3bd712b5c21ff6a8ed308085f190235d7ff"},
    {file = "numpy-2.2.2-cp313-cp313-musllinux_1_2_aarch64.whl", hash = "sha256:b6fb9c32a91ec32a689ec6410def76443e3c750e7cfc3fb2206b985ffb2b85f0"},
    {file = "numpy-2.2.2-cp313-cp313-musllinux_1_2_x86_64.whl", hash = "sha256:57b4012e04cc12b78590a334907e01b3a85efb2107df2b8733ff1ed05fce71de"},
    {file = "numpy-2.2.2-cp313-cp313-win32.whl", hash = "sha256:4dbd80e453bd34bd003b16bd802fac70ad76bd463f81f0c518d1245b1c55e3d9"},
    {file = "numpy-2.2.2-cp313-cp313-win_amd64.whl", hash = "sha256:5a8c863ceacae696aff37d1fd636121f1a512117652e5dfb86031c8d84836369"},
    {file = "numpy-2.2.2-cp313-cp313t-macosx_10_13_x86_64.whl", hash = "sha256:b3482cb7b3325faa5f6bc179649406058253d91ceda359c104dac0ad320e1391"},
    {file = "numpy-2.2.2-cp313-cp313t-macosx_11_0_arm64.whl", hash = "sha256:9491100aba630910489c1d0158034e1c9a6546f0b1340f716d522dc103788e39"},
    {file = "numpy-2.2.2-cp313-cp313t-macosx_14_0_arm64.whl", hash = "sha256:41184c416143defa34cc8eb9d070b0a5ba4f13a0fa96a709e20584638254b317"},
    {file = "numpy-2.2.2-cp313-cp313t-macosx_14_0_x86_64.whl", hash = "sha256:7dca87ca328f5ea7dafc907c5ec100d187911f94825f8700caac0b3f4c384b49"},
    {file = "numpy-2.2.2-cp313-cp313t-manylinux_2_17_aarch64.manylinux2014_aarch64.whl", hash = "sha256:0bc61b307655d1a7f9f4b043628b9f2b721e80839914ede634e3d485913e1fb2"},
    {file = "numpy-2.2.2-cp313-cp313t-manylinux_2_17_x86_64.manylinux2014_x86_64.whl", hash = "sha256:9fad446ad0bc886855ddf5909cbf8cb5d0faa637aaa6277fb4b19ade134ab3c7"},
    {file = "numpy-2.2.2-cp313-cp313t-musllinux_1_2_aarch64.whl", hash = "sha256:149d1113ac15005652e8d0d3f6fd599360e1a708a4f98e43c9c77834a28238cb"},
    {file = "numpy-2.2.2-cp313-cp313t-musllinux_1_2_x86_64.whl", hash = "sha256:106397dbbb1896f99e044efc90360d098b3335060375c26aa89c0d8a97c5f648"},
    {file = "numpy-2.2.2-cp313-cp313t-win32.whl", hash = "sha256:0eec19f8af947a61e968d5429f0bd92fec46d92b0008d0a6685b40d6adf8a4f4"},
    {file = "numpy-2.2.2-cp313-cp313t-win_amd64.whl", hash = "sha256:97b974d3ba0fb4612b77ed35d7627490e8e3dff56ab41454d9e8b23448940576"},
    {file = "numpy-2.2.2.tar.gz", hash = "sha256:ed6906f61834d687738d25988ae117683705636936cc605be0bb208b23df4d8f"},
]

[[package]]
name = "pandas"
version = "2.2.3"
requires_python = ">=3.9"
summary = "Powerful data structures for data analysis, time series, and statistics"
groups = ["default"]
dependencies = [
    "numpy>=1.22.4; python_version < \"3.11\"",
    "numpy>=1.23.2; python_version == \"3.11\"",
    "numpy>=1.26.0; python_version >= \"3.12\"",
    "python-dateutil>=2.8.2",
    "pytz>=2020.1",
    "tzdata>=2022.7",
]
files = [
    {file = "pandas-2.2.3-cp313-cp313-macosx_10_13_x86_64.whl", hash = "sha256:f00d1345d84d8c86a63e476bb4955e46458b304b9575dcf71102b5c705320015"},
    {file = "pandas-2.2.3-cp313-cp313-macosx_11_0_arm64.whl", hash = "sha256:3508d914817e153ad359d7e069d752cdd736a247c322d932eb89e6bc84217f28"},
    {file = "pandas-2.2.3-cp313-cp313-manylinux2014_aarch64.manylinux_2_17_aarch64.whl", hash = "sha256:22a9d949bfc9a502d320aa04e5d02feab689d61da4e7764b62c30b991c42c5f0"},
    {file = "pandas-2.2.3-cp313-cp313-manylinux_2_17_x86_64.manylinux2014_x86_64.whl", hash = "sha256:f3a255b2c19987fbbe62a9dfd6cff7ff2aa9ccab3fc75218fd4b7530f01efa24"},
    {file = "pandas-2.2.3-cp313-cp313-musllinux_1_2_aarch64.whl", hash = "sha256:800250ecdadb6d9c78eae4990da62743b857b470883fa27f652db8bdde7f6659"},
    {file = "pandas-2.2.3-cp313-cp313-musllinux_1_2_x86_64.whl", hash = "sha256:6374c452ff3ec675a8f46fd9ab25c4ad0ba590b71cf0656f8b6daa5202bca3fb"},
    {file = "pandas-2.2.3-cp313-cp313-win_amd64.whl", hash = "sha256:61c5ad4043f791b61dd4752191d9f07f0ae412515d59ba8f005832a532f8736d"},
    {file = "pandas-2.2.3-cp313-cp313t-macosx_10_13_x86_64.whl", hash = "sha256:3b71f27954685ee685317063bf13c7709a7ba74fc996b84fc6821c59b0f06468"},
    {file = "pandas-2.2.3-cp313-cp313t-macosx_11_0_arm64.whl", hash = "sha256:38cf8125c40dae9d5acc10fa66af8ea6fdf760b2714ee482ca691fc66e6fcb18"},
    {file = "pandas-2.2.3-cp313-cp313t-manylinux2014_aarch64.manylinux_2_17_aarch64.whl", hash = "sha256:ba96630bc17c875161df3818780af30e43be9b166ce51c9a18c1feae342906c2"},
    {file = "pandas-2.2.3-cp313-cp313t-manylinux_2_17_x86_64.manylinux2014_x86_64.whl", hash = "sha256:1db71525a1538b30142094edb9adc10be3f3e176748cd7acc2240c2f2e5aa3a4"},
    {file = "pandas-2.2.3-cp313-cp313t-musllinux_1_2_aarch64.whl", hash = "sha256:15c0e1e02e93116177d29ff83e8b1619c93ddc9c49083f237d4312337a61165d"},
    {file = "pandas-2.2.3-cp313-cp313t-musllinux_1_2_x86_64.whl", hash = "sha256:ad5b65698ab28ed8d7f18790a0dc58005c7629f227be9ecc1072aa74c0c1d43a"},
    {file = "pandas-2.2.3.tar.gz", hash = "sha256:4f18ba62b61d7e192368b84517265a99b4d7ee8912f8708660fb4a366cc82667"},
]

[[package]]
name = "persistent"
version = "6.1"
requires_python = ">=3.8"
summary = "Translucent persistent objects"
groups = ["default"]
dependencies = [
    "cffi; platform_python_implementation == \"CPython\"",
    "cffi>=1.17.0rc1; platform_python_implementation == \"CPython\" and python_version >= \"3.13a0\"",
    "zope-deferredimport",
    "zope-interface",
]
files = [
    {file = "persistent-6.1-cp313-cp313-macosx_10_9_x86_64.whl", hash = "sha256:ade3bfe8f8583c504368d6cb122cc10cdbd7400bc65504b7d601c51a490b1702"},
    {file = "persistent-6.1-cp313-cp313-macosx_11_0_arm64.whl", hash = "sha256:f18bf43306bb590e43c97c525000b76cb9ed4478f9bbc10ba9ee817648c9b0a1"},
    {file = "persistent-6.1-cp313-cp313-manylinux_2_17_aarch64.manylinux2014_aarch64.whl", hash = "sha256:2c6c2798b565ac1903b7062ef11a61260cd44257ab1e50c9d6819f42d8598e68"},
    {file = "persistent-6.1-cp313-cp313-manylinux_2_5_i686.manylinux1_i686.manylinux_2_17_i686.manylinux2014_i686.whl", hash = "sha256:d14253dc90645d50241d0a7f57e04bffcda009cd6f9a96900b0c4d8071add781"},
    {file = "persistent-6.1-cp313-cp313-manylinux_2_5_x86_64.manylinux1_x86_64.manylinux_2_17_x86_64.manylinux2014_x86_64.whl", hash = "sha256:f262511534adea3157afc606aa93f041e62479cc2f238505eeb202e2f117dc22"},
    {file = "persistent-6.1-cp313-cp313-win_amd64.whl", hash = "sha256:9839c16817fca6eb076137882f652dfdd7ed1e06154ac2b415bfee97f65bbea5"},
    {file = "persistent-6.1.tar.gz", hash = "sha256:aa17e6e4849738d080706ebe6c79ec8db0f4ab2c87975f9b34249eaf7a965867"},
]

[[package]]
name = "polars"
version = "1.21.0"
requires_python = ">=3.9"
summary = "Blazingly fast DataFrame library"
groups = ["default"]
files = [
    {file = "polars-1.21.0-cp39-abi3-macosx_10_12_x86_64.whl", hash = "sha256:063f8807f633f8fd15458a43971d930f6ee568b8e95936d7736c9054fc4f6f52"},
    {file = "polars-1.21.0-cp39-abi3-macosx_11_0_arm64.whl", hash = "sha256:519863e0990e3323e7a32fc66bac3ad9da51938a1ffce6c09a92e0b1adb026a5"},
    {file = "polars-1.21.0-cp39-abi3-manylinux_2_17_x86_64.manylinux2014_x86_64.whl", hash = "sha256:bbecddca35c57efde99070517db5d2c63d4c6d0e3c992123ba3be93e86e7bfac"},
    {file = "polars-1.21.0-cp39-abi3-manylinux_2_24_aarch64.whl", hash = "sha256:d9ce8e6f0d8140e67b0f7c276d22bb5f3345ce7412558643c8b5c270db254b64"},
    {file = "polars-1.21.0-cp39-abi3-win_amd64.whl", hash = "sha256:c4517abb008af890e4ca8fb6bb0372868381017af0ecadf9d062e2f91f50b276"},
    {file = "polars-1.21.0-cp39-abi3-win_arm64.whl", hash = "sha256:6bb0ba805defb05b76fdca392e48d84d1f16403de5be25d4dd8cdc7fccfd4251"},
    {file = "polars-1.21.0.tar.gz", hash = "sha256:7692d0fe0fb4faac18ef9423de55789e289f4d3f26d42519bd23ef8afb672d62"},
]

[[package]]
name = "polars-distance"
version = "0.5.2"
requires_python = ">=3.8"
summary = "Polars plugin for pairwise distance functions"
groups = ["default"]
dependencies = [
    "polars>=0.20.16",
]
files = [
    {file = "polars_distance-0.5.2-cp38-abi3-macosx_10_12_x86_64.whl", hash = "sha256:4eacd1abac6281637a0f84b4d0e2f4917a4868df45334985c24492f48468d9b9"},
    {file = "polars_distance-0.5.2-cp38-abi3-macosx_11_0_arm64.whl", hash = "sha256:fe83210374f43202ffba19a0f308920fb4da9ba11a9dcfd7b28b8ae37d76677b"},
    {file = "polars_distance-0.5.2-cp38-abi3-manylinux_2_12_i686.manylinux2010_i686.whl", hash = "sha256:83a590c4147c501b8c91621f75ca8ce009c1aa77404d636ac30c331fa3f8d24b"},
    {file = "polars_distance-0.5.2-cp38-abi3-manylinux_2_17_aarch64.manylinux2014_aarch64.whl", hash = "sha256:b970937c5c242828429a39bcefb807f5e41ac1e725743601d6061460afbd4b22"},
    {file = "polars_distance-0.5.2-cp38-abi3-manylinux_2_17_armv7l.manylinux2014_armv7l.whl", hash = "sha256:85103a4474e8787b482f5ac8e05b34546b52da0af495a612eb95eb7584f34ff5"},
    {file = "polars_distance-0.5.2-cp38-abi3-manylinux_2_17_ppc64le.manylinux2014_ppc64le.whl", hash = "sha256:8f6304fd940dfabd0de193733d599ae735d4015867f3adeaa0f57c8bcc2290a8"},
    {file = "polars_distance-0.5.2-cp38-abi3-manylinux_2_17_x86_64.manylinux2014_x86_64.whl", hash = "sha256:966cd3d5273063174a0e70252a238c52b25dd301b2adca0a75e50b630f2aaa89"},
    {file = "polars_distance-0.5.2-cp38-abi3-win32.whl", hash = "sha256:d67b9b0d22c21eafaf40c4fd011fa728f7a18616146b0f8cd46e936d07ccccb2"},
    {file = "polars_distance-0.5.2-cp38-abi3-win_amd64.whl", hash = "sha256:8e3fa84d6b6f51931916d7de380ab0625cacd29719e6605d891ccdb24514f9c5"},
    {file = "polars_distance-0.5.2.tar.gz", hash = "sha256:40d32dc5006c4da6cb9a6e5b06bde7490b7169c7b51b85ce6fe9d320ba143fe3"},
]

[[package]]
name = "polars"
version = "1.21.0"
extras = ["pandas", "pyarrow"]
requires_python = ">=3.9"
summary = "Blazingly fast DataFrame library"
groups = ["default"]
dependencies = [
    "pandas",
    "polars==1.21.0",
    "polars[pyarrow]",
    "pyarrow>=7.0.0",
]
files = [
    {file = "polars-1.21.0-cp39-abi3-macosx_10_12_x86_64.whl", hash = "sha256:063f8807f633f8fd15458a43971d930f6ee568b8e95936d7736c9054fc4f6f52"},
    {file = "polars-1.21.0-cp39-abi3-macosx_11_0_arm64.whl", hash = "sha256:519863e0990e3323e7a32fc66bac3ad9da51938a1ffce6c09a92e0b1adb026a5"},
    {file = "polars-1.21.0-cp39-abi3-manylinux_2_17_x86_64.manylinux2014_x86_64.whl", hash = "sha256:bbecddca35c57efde99070517db5d2c63d4c6d0e3c992123ba3be93e86e7bfac"},
    {file = "polars-1.21.0-cp39-abi3-manylinux_2_24_aarch64.whl", hash = "sha256:d9ce8e6f0d8140e67b0f7c276d22bb5f3345ce7412558643c8b5c270db254b64"},
    {file = "polars-1.21.0-cp39-abi3-win_amd64.whl", hash = "sha256:c4517abb008af890e4ca8fb6bb0372868381017af0ecadf9d062e2f91f50b276"},
    {file = "polars-1.21.0-cp39-abi3-win_arm64.whl", hash = "sha256:6bb0ba805defb05b76fdca392e48d84d1f16403de5be25d4dd8cdc7fccfd4251"},
    {file = "polars-1.21.0.tar.gz", hash = "sha256:7692d0fe0fb4faac18ef9423de55789e289f4d3f26d42519bd23ef8afb672d62"},
]

[[package]]
name = "polars"
version = "1.21.0"
extras = ["pyarrow"]
requires_python = ">=3.9"
summary = "Blazingly fast DataFrame library"
groups = ["default"]
dependencies = [
    "polars==1.21.0",
    "pyarrow>=7.0.0",
]
files = [
    {file = "polars-1.21.0-cp39-abi3-macosx_10_12_x86_64.whl", hash = "sha256:063f8807f633f8fd15458a43971d930f6ee568b8e95936d7736c9054fc4f6f52"},
    {file = "polars-1.21.0-cp39-abi3-macosx_11_0_arm64.whl", hash = "sha256:519863e0990e3323e7a32fc66bac3ad9da51938a1ffce6c09a92e0b1adb026a5"},
    {file = "polars-1.21.0-cp39-abi3-manylinux_2_17_x86_64.manylinux2014_x86_64.whl", hash = "sha256:bbecddca35c57efde99070517db5d2c63d4c6d0e3c992123ba3be93e86e7bfac"},
    {file = "polars-1.21.0-cp39-abi3-manylinux_2_24_aarch64.whl", hash = "sha256:d9ce8e6f0d8140e67b0f7c276d22bb5f3345ce7412558643c8b5c270db254b64"},
    {file = "polars-1.21.0-cp39-abi3-win_amd64.whl", hash = "sha256:c4517abb008af890e4ca8fb6bb0372868381017af0ecadf9d062e2f91f50b276"},
    {file = "polars-1.21.0-cp39-abi3-win_arm64.whl", hash = "sha256:6bb0ba805defb05b76fdca392e48d84d1f16403de5be25d4dd8cdc7fccfd4251"},
    {file = "polars-1.21.0.tar.gz", hash = "sha256:7692d0fe0fb4faac18ef9423de55789e289f4d3f26d42519bd23ef8afb672d62"},
]

[[package]]
name = "pyarrow"
version = "19.0.0"
requires_python = ">=3.9"
summary = "Python library for Apache Arrow"
groups = ["default"]
files = [
    {file = "pyarrow-19.0.0-cp313-cp313-macosx_12_0_arm64.whl", hash = "sha256:cf3bf0ce511b833f7bc5f5bb3127ba731e97222023a444b7359f3a22e2a3b463"},
    {file = "pyarrow-19.0.0-cp313-cp313-macosx_12_0_x86_64.whl", hash = "sha256:4d8b0c0de0a73df1f1bf439af1b60f273d719d70648e898bc077547649bb8352"},
    {file = "pyarrow-19.0.0-cp313-cp313-manylinux_2_17_aarch64.manylinux2014_aarch64.whl", hash = "sha256:a92aff08e23d281c69835e4a47b80569242a504095ef6a6223c1f6bb8883431d"},
    {file = "pyarrow-19.0.0-cp313-cp313-manylinux_2_17_x86_64.manylinux2014_x86_64.whl", hash = "sha256:c3b78eff5968a1889a0f3bc81ca57e1e19b75f664d9c61a42a604bf9d8402aae"},
    {file = "pyarrow-19.0.0-cp313-cp313-manylinux_2_28_aarch64.whl", hash = "sha256:b34d3bde38eba66190b215bae441646330f8e9da05c29e4b5dd3e41bde701098"},
    {file = "pyarrow-19.0.0-cp313-cp313-manylinux_2_28_x86_64.whl", hash = "sha256:5418d4d0fab3a0ed497bad21d17a7973aad336d66ad4932a3f5f7480d4ca0c04"},
    {file = "pyarrow-19.0.0-cp313-cp313-win_amd64.whl", hash = "sha256:e82c3d5e44e969c217827b780ed8faf7ac4c53f934ae9238872e749fa531f7c9"},
    {file = "pyarrow-19.0.0-cp313-cp313t-macosx_12_0_arm64.whl", hash = "sha256:f208c3b58a6df3b239e0bb130e13bc7487ed14f39a9ff357b6415e3f6339b560"},
    {file = "pyarrow-19.0.0-cp313-cp313t-macosx_12_0_x86_64.whl", hash = "sha256:c751c1c93955b7a84c06794df46f1cec93e18610dcd5ab7d08e89a81df70a849"},
    {file = "pyarrow-19.0.0-cp313-cp313t-manylinux_2_17_aarch64.manylinux2014_aarch64.whl", hash = "sha256:b903afaa5df66d50fc38672ad095806443b05f202c792694f3a604ead7c6ea6e"},
    {file = "pyarrow-19.0.0-cp313-cp313t-manylinux_2_17_x86_64.manylinux2014_x86_64.whl", hash = "sha256:a22a4bc0937856263df8b94f2f2781b33dd7f876f787ed746608e06902d691a5"},
    {file = "pyarrow-19.0.0-cp313-cp313t-manylinux_2_28_aarch64.whl", hash = "sha256:5e8a28b918e2e878c918f6d89137386c06fe577cd08d73a6be8dafb317dc2d73"},
    {file = "pyarrow-19.0.0-cp313-cp313t-manylinux_2_28_x86_64.whl", hash = "sha256:29cd86c8001a94f768f79440bf83fee23963af5e7bc68ce3a7e5f120e17edf89"},
    {file = "pyarrow-19.0.0.tar.gz", hash = "sha256:8d47c691765cf497aaeed4954d226568563f1b3b74ff61139f2d77876717084b"},
]

[[package]]
name = "pycparser"
version = "2.22"
requires_python = ">=3.8"
summary = "C parser in Python"
groups = ["default"]
marker = "platform_python_implementation == \"CPython\""
files = [
    {file = "pycparser-2.22-py3-none-any.whl", hash = "sha256:c3702b6d3dd8c7abc1afa565d7e63d53a1d0bd86cdc24edd75470f4de499cfcc"},
    {file = "pycparser-2.22.tar.gz", hash = "sha256:491c8be9c040f5390f5bf44a5b07752bd07f56edf992381b05c701439eec10f6"},
]

[[package]]
name = "pyhacrf-datamade"
version = "0.2.8"
summary = "Hidden alignment conditional random field, a discriminative string edit distance"
groups = ["default"]
dependencies = [
    "PyLBFGS>=0.1.3",
    "numpy; python_version > \"3.8\"",
    "numpy>=1.14.1; python_version < \"3.6\"",
    "numpy>=1.15.0; python_version == \"3.7\"",
    "numpy>=1.17.3; python_version == \"3.8\"",
]
files = [
    {file = "pyhacrf_datamade-0.2.8.tar.gz", hash = "sha256:bbbee0ea756d6118d62de3731c9f713106ba49b14eafb01b88e87aa5b962f201"},
]

[[package]]
name = "pylbfgs"
version = "0.2.0.16"
summary = "LBFGS and OWL-QN optimization algorithms"
groups = ["default"]
dependencies = [
    "numpy>=1.13.1",
]
files = [
    {file = "PyLBFGS-0.2.0.16.tar.gz", hash = "sha256:6893dfb7b5c26e3a8e2c6884e0b18c6048d05e0932f02021a75c35bee5c53d46"},
]

[[package]]
name = "pyright"
version = "1.1.393"
requires_python = ">=3.7"
summary = "Command line wrapper for pyright"
groups = ["typecheck"]
dependencies = [
    "nodeenv>=1.6.0",
    "typing-extensions>=4.1",
]
files = [
    {file = "pyright-1.1.393-py3-none-any.whl", hash = "sha256:8320629bb7a44ca90944ba599390162bf59307f3d9fb6e27da3b7011b8c17ae5"},
    {file = "pyright-1.1.393.tar.gz", hash = "sha256:aeeb7ff4e0364775ef416a80111613f91a05c8e01e58ecfefc370ca0db7aed9c"},
]

[[package]]
name = "python-dateutil"
version = "2.9.0.post0"
requires_python = "!=3.0.*,!=3.1.*,!=3.2.*,>=2.7"
summary = "Extensions to the standard Python datetime module"
groups = ["default"]
dependencies = [
    "six>=1.5",
]
files = [
    {file = "python-dateutil-2.9.0.post0.tar.gz", hash = "sha256:37dd54208da7e1cd875388217d5e00ebd4179249f90fb72437e91a35459a0ad3"},
    {file = "python_dateutil-2.9.0.post0-py2.py3-none-any.whl", hash = "sha256:a8b2bc7bffae282281c8140a97d3aa9c14da0b136dfe83f850eea9a5f7470427"},
]

[[package]]
name = "pytz"
version = "2025.1"
summary = "World timezone definitions, modern and historical"
groups = ["default"]
files = [
    {file = "pytz-2025.1-py2.py3-none-any.whl", hash = "sha256:89dd22dca55b46eac6eda23b2d72721bf1bdfef212645d81513ef5d03038de57"},
    {file = "pytz-2025.1.tar.gz", hash = "sha256:c2db42be2a2518b28e65f9207c4d05e6ff547d1efa4086469ef855e4ab70178e"},
]

[[package]]
name = "ruff"
version = "0.9.4"
requires_python = ">=3.7"
summary = "An extremely fast Python linter and code formatter, written in Rust."
groups = ["lint"]
files = [
    {file = "ruff-0.9.4-py3-none-linux_armv6l.whl", hash = "sha256:64e73d25b954f71ff100bb70f39f1ee09e880728efb4250c632ceed4e4cdf706"},
    {file = "ruff-0.9.4-py3-none-macosx_10_12_x86_64.whl", hash = "sha256:6ce6743ed64d9afab4fafeaea70d3631b4d4b28b592db21a5c2d1f0ef52934bf"},
    {file = "ruff-0.9.4-py3-none-macosx_11_0_arm64.whl", hash = "sha256:54499fb08408e32b57360f6f9de7157a5fec24ad79cb3f42ef2c3f3f728dfe2b"},
    {file = "ruff-0.9.4-py3-none-manylinux_2_17_aarch64.manylinux2014_aarch64.whl", hash = "sha256:37c892540108314a6f01f105040b5106aeb829fa5fb0561d2dcaf71485021137"},
    {file = "ruff-0.9.4-py3-none-manylinux_2_17_armv7l.manylinux2014_armv7l.whl", hash = "sha256:de9edf2ce4b9ddf43fd93e20ef635a900e25f622f87ed6e3047a664d0e8f810e"},
    {file = "ruff-0.9.4-py3-none-manylinux_2_17_i686.manylinux2014_i686.whl", hash = "sha256:87c90c32357c74f11deb7fbb065126d91771b207bf9bfaaee01277ca59b574ec"},
    {file = "ruff-0.9.4-py3-none-manylinux_2_17_ppc64.manylinux2014_ppc64.whl", hash = "sha256:56acd6c694da3695a7461cc55775f3a409c3815ac467279dfa126061d84b314b"},
    {file = "ruff-0.9.4-py3-none-manylinux_2_17_ppc64le.manylinux2014_ppc64le.whl", hash = "sha256:e0c93e7d47ed951b9394cf352d6695b31498e68fd5782d6cbc282425655f687a"},
    {file = "ruff-0.9.4-py3-none-manylinux_2_17_s390x.manylinux2014_s390x.whl", hash = "sha256:1d4c8772670aecf037d1bf7a07c39106574d143b26cfe5ed1787d2f31e800214"},
    {file = "ruff-0.9.4-py3-none-manylinux_2_17_x86_64.manylinux2014_x86_64.whl", hash = "sha256:bfc5f1d7afeda8d5d37660eeca6d389b142d7f2b5a1ab659d9214ebd0e025231"},
    {file = "ruff-0.9.4-py3-none-musllinux_1_2_aarch64.whl", hash = "sha256:faa935fc00ae854d8b638c16a5f1ce881bc3f67446957dd6f2af440a5fc8526b"},
    {file = "ruff-0.9.4-py3-none-musllinux_1_2_armv7l.whl", hash = "sha256:a6c634fc6f5a0ceae1ab3e13c58183978185d131a29c425e4eaa9f40afe1e6d6"},
    {file = "ruff-0.9.4-py3-none-musllinux_1_2_i686.whl", hash = "sha256:433dedf6ddfdec7f1ac7575ec1eb9844fa60c4c8c2f8887a070672b8d353d34c"},
    {file = "ruff-0.9.4-py3-none-musllinux_1_2_x86_64.whl", hash = "sha256:d612dbd0f3a919a8cc1d12037168bfa536862066808960e0cc901404b77968f0"},
    {file = "ruff-0.9.4-py3-none-win32.whl", hash = "sha256:db1192ddda2200671f9ef61d9597fcef89d934f5d1705e571a93a67fb13a4402"},
    {file = "ruff-0.9.4-py3-none-win_amd64.whl", hash = "sha256:05bebf4cdbe3ef75430d26c375773978950bbf4ee3c95ccb5448940dc092408e"},
    {file = "ruff-0.9.4-py3-none-win_arm64.whl", hash = "sha256:585792f1e81509e38ac5123492f8875fbc36f3ede8185af0a26df348e5154f41"},
    {file = "ruff-0.9.4.tar.gz", hash = "sha256:6907ee3529244bb0ed066683e075f09285b38dd5b4039370df6ff06041ca19e7"},
]

[[package]]
name = "scikit-learn"
version = "1.6.1"
requires_python = ">=3.9"
summary = "A set of python modules for machine learning and data mining"
groups = ["default"]
dependencies = [
    "joblib>=1.2.0",
    "numpy>=1.19.5",
    "scipy>=1.6.0",
    "threadpoolctl>=3.1.0",
]
files = [
    {file = "scikit_learn-1.6.1-cp313-cp313-macosx_10_13_x86_64.whl", hash = "sha256:2ffa1e9e25b3d93990e74a4be2c2fc61ee5af85811562f1288d5d055880c4322"},
    {file = "scikit_learn-1.6.1-cp313-cp313-macosx_12_0_arm64.whl", hash = "sha256:dc5cf3d68c5a20ad6d571584c0750ec641cc46aeef1c1507be51300e6003a7e1"},
    {file = "scikit_learn-1.6.1-cp313-cp313-manylinux_2_17_aarch64.manylinux2014_aarch64.whl", hash = "sha256:c06beb2e839ecc641366000ca84f3cf6fa9faa1777e29cf0c04be6e4d096a348"},
    {file = "scikit_learn-1.6.1-cp313-cp313-manylinux_2_17_x86_64.manylinux2014_x86_64.whl", hash = "sha256:e8ca8cb270fee8f1f76fa9bfd5c3507d60c6438bbee5687f81042e2bb98e5a97"},
    {file = "scikit_learn-1.6.1-cp313-cp313-win_amd64.whl", hash = "sha256:7a1c43c8ec9fde528d664d947dc4c0789be4077a3647f232869f41d9bf50e0fb"},
    {file = "scikit_learn-1.6.1-cp313-cp313t-macosx_10_13_x86_64.whl", hash = "sha256:a17c1dea1d56dcda2fac315712f3651a1fea86565b64b48fa1bc090249cbf236"},
    {file = "scikit_learn-1.6.1-cp313-cp313t-macosx_12_0_arm64.whl", hash = "sha256:6a7aa5f9908f0f28f4edaa6963c0a6183f1911e63a69aa03782f0d924c830a35"},
    {file = "scikit_learn-1.6.1-cp313-cp313t-manylinux_2_17_x86_64.manylinux2014_x86_64.whl", hash = "sha256:0650e730afb87402baa88afbf31c07b84c98272622aaba002559b614600ca691"},
    {file = "scikit_learn-1.6.1-cp313-cp313t-win_amd64.whl", hash = "sha256:3f59fe08dc03ea158605170eb52b22a105f238a5d512c4470ddeca71feae8e5f"},
    {file = "scikit_learn-1.6.1.tar.gz", hash = "sha256:b4fc2525eca2c69a59260f583c56a7557c6ccdf8deafdba6e060f94c1c59738e"},
]

[[package]]
name = "scipy"
version = "1.15.1"
requires_python = ">=3.10"
summary = "Fundamental algorithms for scientific computing in Python"
groups = ["default"]
dependencies = [
    "numpy<2.5,>=1.23.5",
]
files = [
    {file = "scipy-1.15.1-cp313-cp313-macosx_10_13_x86_64.whl", hash = "sha256:100193bb72fbff37dbd0bf14322314fc7cbe08b7ff3137f11a34d06dc0ee6b85"},
    {file = "scipy-1.15.1-cp313-cp313-macosx_12_0_arm64.whl", hash = "sha256:2114a08daec64980e4b4cbdf5bee90935af66d750146b1d2feb0d3ac30613692"},
    {file = "scipy-1.15.1-cp313-cp313-macosx_14_0_arm64.whl", hash = "sha256:6b3e71893c6687fc5e29208d518900c24ea372a862854c9888368c0b267387ab"},
    {file = "scipy-1.15.1-cp313-cp313-macosx_14_0_x86_64.whl", hash = "sha256:837299eec3d19b7e042923448d17d95a86e43941104d33f00da7e31a0f715d3c"},
    {file = "scipy-1.15.1-cp313-cp313-manylinux_2_17_aarch64.manylinux2014_aarch64.whl", hash = "sha256:82add84e8a9fb12af5c2c1a3a3f1cb51849d27a580cb9e6bd66226195142be6e"},
    {file = "scipy-1.15.1-cp313-cp313-manylinux_2_17_x86_64.manylinux2014_x86_64.whl", hash = "sha256:070d10654f0cb6abd295bc96c12656f948e623ec5f9a4eab0ddb1466c000716e"},
    {file = "scipy-1.15.1-cp313-cp313-musllinux_1_2_x86_64.whl", hash = "sha256:55cc79ce4085c702ac31e49b1e69b27ef41111f22beafb9b49fea67142b696c4"},
    {file = "scipy-1.15.1-cp313-cp313-win_amd64.whl", hash = "sha256:c352c1b6d7cac452534517e022f8f7b8d139cd9f27e6fbd9f3cbd0bfd39f5bef"},
    {file = "scipy-1.15.1-cp313-cp313t-macosx_10_13_x86_64.whl", hash = "sha256:0458839c9f873062db69a03de9a9765ae2e694352c76a16be44f93ea45c28d2b"},
    {file = "scipy-1.15.1-cp313-cp313t-macosx_12_0_arm64.whl", hash = "sha256:af0b61c1de46d0565b4b39c6417373304c1d4f5220004058bdad3061c9fa8a95"},
    {file = "scipy-1.15.1-cp313-cp313t-macosx_14_0_arm64.whl", hash = "sha256:71ba9a76c2390eca6e359be81a3e879614af3a71dfdabb96d1d7ab33da6f2364"},
    {file = "scipy-1.15.1-cp313-cp313t-macosx_14_0_x86_64.whl", hash = "sha256:14eaa373c89eaf553be73c3affb11ec6c37493b7eaaf31cf9ac5dffae700c2e0"},
    {file = "scipy-1.15.1-cp313-cp313t-manylinux_2_17_x86_64.manylinux2014_x86_64.whl", hash = "sha256:f735bc41bd1c792c96bc426dece66c8723283695f02df61dcc4d0a707a42fc54"},
    {file = "scipy-1.15.1-cp313-cp313t-musllinux_1_2_x86_64.whl", hash = "sha256:2722a021a7929d21168830790202a75dbb20b468a8133c74a2c0230c72626b6c"},
    {file = "scipy-1.15.1-cp313-cp313t-win_amd64.whl", hash = "sha256:bc7136626261ac1ed988dca56cfc4ab5180f75e0ee52e58f1e6aa74b5f3eacd5"},
    {file = "scipy-1.15.1.tar.gz", hash = "sha256:033a75ddad1463970c96a88063a1df87ccfddd526437136b6ee81ff0312ebdf6"},
]

[[package]]
name = "setuptools"
version = "75.8.0"
requires_python = ">=3.9"
summary = "Easily download, build, install, upgrade, and uninstall Python packages"
groups = ["default"]
files = [
    {file = "setuptools-75.8.0-py3-none-any.whl", hash = "sha256:e3982f444617239225d675215d51f6ba05f845d4eec313da4418fdbb56fb27e3"},
    {file = "setuptools-75.8.0.tar.gz", hash = "sha256:c5afc8f407c626b8313a86e10311dd3f661c6cd9c09d4bf8c15c0e11f9f2b0e6"},
]

[[package]]
name = "simplecosine"
version = "1.2"
summary = "Simple cosine distance"
groups = ["default"]
dependencies = [
    "numpy",
]
files = [
    {file = "simplecosine-1.2-py2.py3-none-any.whl", hash = "sha256:aa3ee50913d5bd990c755e6e1dc76944eb179b0709932b99a8f6986fc8bc7430"},
    {file = "simplecosine-1.2.tar.gz", hash = "sha256:216ae262f5e5d2daaa7740296f9308c9fc024e7d7551412c7839065748b3bf02"},
]

[[package]]
name = "six"
version = "1.17.0"
requires_python = "!=3.0.*,!=3.1.*,!=3.2.*,>=2.7"
summary = "Python 2 and 3 compatibility utilities"
groups = ["default"]
files = [
    {file = "six-1.17.0-py2.py3-none-any.whl", hash = "sha256:4721f391ed90541fddacab5acf947aa0d3dc7d27b2e1e8eda2be8970586c3274"},
    {file = "six-1.17.0.tar.gz", hash = "sha256:ff70335d468e7eb6ec65b95b99d3a2836546063f63acc5171de367e834932a81"},
]

[[package]]
name = "textmatch"
version = "1.1.0"
requires_python = "==3.13.*"
summary = "Find fuzzy matches between datasets."
groups = ["default"]
dependencies = [
    "colorama==0.4.*",
    "dedupe==3.0.*",
    "doublemetaphone==1.1.*",
    "polars-distance==0.5.*",
    "polars[pandas,pyarrow]==1.21.*",
    "unidecode==1.3.*",
]
files = [
    {file = "textmatch-1.1.0-py3-none-any.whl", hash = "sha256:0c3db7ef4e9f0b11c74c357425df31228bad9bbccd6a4e39d654d09311ff7bb2"},
    {file = "textmatch-1.1.0.tar.gz", hash = "sha256:71a24a56e1b16fdb71b6e46780033efa6bb4d949384323d21ae1d4be2ae18a2d"},
]

[[package]]
name = "threadpoolctl"
version = "3.5.0"
requires_python = ">=3.8"
summary = "threadpoolctl"
groups = ["default"]
files = [
    {file = "threadpoolctl-3.5.0-py3-none-any.whl", hash = "sha256:56c1e26c150397e58c4926da8eeee87533b1e32bef131bd4bf6a2f45f3185467"},
    {file = "threadpoolctl-3.5.0.tar.gz", hash = "sha256:082433502dd922bf738de0d8bcc4fdcbf0979ff44c42bd40f5af8a282f6fa107"},
]

[[package]]
name = "tqdm"
version = "4.67.1"
requires_python = ">=3.7"
summary = "Fast, Extensible Progress Meter"
groups = ["default"]
dependencies = [
    "colorama; platform_system == \"Windows\"",
]
files = [
    {file = "tqdm-4.67.1-py3-none-any.whl", hash = "sha256:26445eca388f82e72884e0d580d5464cd801a3ea01e63e5601bdff9ba6a48de2"},
    {file = "tqdm-4.67.1.tar.gz", hash = "sha256:f8aef9c52c08c13a65f30ea34f4e5aac3fd1a34959879d7e59e63027286627f2"},
]

[[package]]
name = "typing-extensions"
version = "4.12.2"
requires_python = ">=3.8"
summary = "Backported and Experimental Type Hints for Python 3.8+"
groups = ["typecheck"]
files = [
    {file = "typing_extensions-4.12.2-py3-none-any.whl", hash = "sha256:04e5ca0351e0f3f85c6853954072df659d0d13fac324d0072316b67d7794700d"},
    {file = "typing_extensions-4.12.2.tar.gz", hash = "sha256:1a7ead55c7e559dd4dee8856e3a88b41225abfe1ce8df57b7c13915fe121ffb8"},
]

[[package]]
name = "tzdata"
version = "2025.1"
requires_python = ">=2"
summary = "Provider of IANA time zone data"
groups = ["default"]
files = [
    {file = "tzdata-2025.1-py2.py3-none-any.whl", hash = "sha256:7e127113816800496f027041c570f50bcd464a020098a3b6b199517772303639"},
    {file = "tzdata-2025.1.tar.gz", hash = "sha256:24894909e88cdb28bd1636c6887801df64cb485bd593f2fd83ef29075a81d694"},
]

[[package]]
name = "unidecode"
version = "1.3.8"
requires_python = ">=3.5"
summary = "ASCII transliterations of Unicode text"
groups = ["default"]
files = [
    {file = "Unidecode-1.3.8-py3-none-any.whl", hash = "sha256:d130a61ce6696f8148a3bd8fe779c99adeb4b870584eeb9526584e9aa091fd39"},
    {file = "Unidecode-1.3.8.tar.gz", hash = "sha256:cfdb349d46ed3873ece4586b96aa75258726e2fa8ec21d6f00a591d98806c2f4"},
]

[[package]]
name = "zope-deferredimport"
version = "5.0"
requires_python = ">=3.7"
summary = "zope.deferredimport allows you to perform imports names that will only be resolved when used in the code."
groups = ["default"]
dependencies = [
    "setuptools",
    "zope-proxy",
]
files = [
    {file = "zope.deferredimport-5.0-py3-none-any.whl", hash = "sha256:b26e013b02fd1ee3e26510db66a737105128e48a0d348490f7c901ffd1928f25"},
    {file = "zope.deferredimport-5.0.tar.gz", hash = "sha256:3abbf0e18c1f1765914ecd1d41b549e4d045b21b28e4065fb0c1de0ad736b2c3"},
]

[[package]]
name = "zope-index"
version = "7.0"
requires_python = ">=3.8"
summary = "Indices for using with catalog like text, field, etc."
groups = ["default"]
dependencies = [
    "BTrees>=4.4.1",
    "persistent",
    "setuptools",
    "zope-interface",
]
files = [
    {file = "zope.index-7.0-cp313-cp313-macosx_10_9_x86_64.whl", hash = "sha256:20a34b01560aaf9bd7c562de2e9e0aa725e4653ecd506e25606ad394970680fe"},
    {file = "zope.index-7.0-cp313-cp313-macosx_11_0_arm64.whl", hash = "sha256:4639c40651cf94d8ab6ecdc81686f56d8063e3b107214b0f21aabe7f5eada2cc"},
    {file = "zope.index-7.0-cp313-cp313-manylinux_2_17_aarch64.manylinux2014_aarch64.whl", hash = "sha256:c43d9855eb80a259647fb0ebf5fe1bbd023ed95f26d04e8ce3ba9d456ac0001b"},
    {file = "zope.index-7.0-cp313-cp313-manylinux_2_5_i686.manylinux1_i686.manylinux_2_17_i686.manylinux2014_i686.whl", hash = "sha256:a5ffa1ee330cae29ec52eb3935c3d12cd47dda55b8c5a39b0ed803af5753ff01"},
    {file = "zope.index-7.0-cp313-cp313-manylinux_2_5_x86_64.manylinux1_x86_64.manylinux_2_17_x86_64.manylinux2014_x86_64.whl", hash = "sha256:65dca21585f271f752db07176b3e4b0e5bf3af3b097ff0265eb741e9583bf69c"},
    {file = "zope.index-7.0-cp313-cp313-win_amd64.whl", hash = "sha256:ce3589ba70f77cb902858079d1f90e414e25d246c5a1ad395c7ded3157509858"},
    {file = "zope_index-7.0.tar.gz", hash = "sha256:0dd8ac64dbc1e6f3b51065b98d3c0f2acdb91e0ccdfee17535a56feaf093f6e0"},
]

[[package]]
name = "zope-interface"
version = "7.2"
requires_python = ">=3.8"
summary = "Interfaces for Python"
groups = ["default"]
dependencies = [
    "setuptools",
]
files = [
    {file = "zope.interface-7.2-cp313-cp313-macosx_10_9_x86_64.whl", hash = "sha256:3e0350b51e88658d5ad126c6a57502b19d5f559f6cb0a628e3dc90442b53dd98"},
    {file = "zope.interface-7.2-cp313-cp313-macosx_11_0_arm64.whl", hash = "sha256:15398c000c094b8855d7d74f4fdc9e73aa02d4d0d5c775acdef98cdb1119768d"},
    {file = "zope.interface-7.2-cp313-cp313-manylinux_2_17_aarch64.manylinux2014_aarch64.whl", hash = "sha256:802176a9f99bd8cc276dcd3b8512808716492f6f557c11196d42e26c01a69a4c"},
    {file = "zope.interface-7.2-cp313-cp313-manylinux_2_5_i686.manylinux1_i686.manylinux_2_17_i686.manylinux2014_i686.whl", hash = "sha256:eb23f58a446a7f09db85eda09521a498e109f137b85fb278edb2e34841055398"},
    {file = "zope.interface-7.2-cp313-cp313-manylinux_2_5_x86_64.manylinux1_x86_64.manylinux_2_17_x86_64.manylinux2014_x86_64.whl", hash = "sha256:a71a5b541078d0ebe373a81a3b7e71432c61d12e660f1d67896ca62d9628045b"},
    {file = "zope.interface-7.2-cp313-cp313-win_amd64.whl", hash = "sha256:4893395d5dd2ba655c38ceb13014fd65667740f09fa5bb01caa1e6284e48c0cd"},
    {file = "zope.interface-7.2.tar.gz", hash = "sha256:8b49f1a3d1ee4cdaf5b32d2e738362c7f5e40ac8b46dd7d1a65e82a4872728fe"},
]

[[package]]
name = "zope-proxy"
version = "6.1"
requires_python = ">=3.8"
summary = "Generic Transparent Proxies"
groups = ["default"]
dependencies = [
    "setuptools",
    "zope-interface",
]
files = [
    {file = "zope.proxy-6.1-cp313-cp313-macosx_10_9_x86_64.whl", hash = "sha256:cda5526ebea4aced070bfa0ce73e7b3a2a2250988a5b12b1593fe510dd3338db"},
    {file = "zope.proxy-6.1-cp313-cp313-macosx_11_0_arm64.whl", hash = "sha256:6f7208e4630003bf77abd64f54d0e98767fa146f2930b7bfb4ba12e23bbfb006"},
    {file = "zope.proxy-6.1-cp313-cp313-manylinux_2_17_aarch64.manylinux2014_aarch64.whl", hash = "sha256:07c43ae0180ba4dc6fa41cc9e306d5e5c063014fb8d4e8614b49f8f934d42eb9"},
    {file = "zope.proxy-6.1-cp313-cp313-manylinux_2_5_i686.manylinux1_i686.manylinux_2_17_i686.manylinux2014_i686.whl", hash = "sha256:71d9b46af85bca3ceb1fa60b95591cce50538265b73f0eefb735bd366199ebeb"},
    {file = "zope.proxy-6.1-cp313-cp313-manylinux_2_5_x86_64.manylinux1_x86_64.manylinux_2_17_x86_64.manylinux2014_x86_64.whl", hash = "sha256:7fd5b73c60cd64e9225d5dd810742e467c8086b7615d29849ac53a98ab059267"},
    {file = "zope.proxy-6.1-cp313-cp313-win_amd64.whl", hash = "sha256:17fa348ec0ac9daafb9a0380e067ed1e8fc1ddcaefc31b094e255544319b8609"},
    {file = "zope_proxy-6.1.tar.gz", hash = "sha256:9b70bf787fcbd3ecb86ba886d71e5cd857da0d6dbe2fcf2b6c24774f24747e2e"},
]
